<?xml version="1.0" encoding="utf-8"?>
<Project ToolsVersion="4.0" xmlns="http://schemas.microsoft.com/developer/msbuild/2003">
  <ItemGroup>
    <Filter Include="Source Files">
      <UniqueIdentifier>{4FC737F1-C7A5-4376-A066-2A32D752A2FF}</UniqueIdentifier>
      <Extensions>cpp;c;cc;cxx;def;odl;idl;hpj;bat;asm;asmx</Extensions>
    </Filter>
    <Filter Include="Header Files">
      <UniqueIdentifier>{93995380-89BD-4b04-88EB-625FBE52EBFB}</UniqueIdentifier>
      <Extensions>h;hh;hpp;hxx;hm;inl;inc;ipp;xsd</Extensions>
    </Filter>
    <Filter Include="Resource Files">
      <UniqueIdentifier>{67DA6AB6-F800-4c08-8B7A-83BB121AAD01}</UniqueIdentifier>
      <Extensions>rc;ico;cur;bmp;dlg;rc2;rct;bin;rgs;gif;jpg;jpeg;jpe;resx;tiff;tif;png;wav;mfcribbon-ms</Extensions>
    </Filter>
  </ItemGroup>
  <ItemGroup>
    <ClInclude Include="pch.h">
      <Filter>Header Files</Filter>
    </ClInclude>
    <ClInclude Include="..\..\PyAttr.h">
      <Filter>Source Files</Filter>
    </ClInclude>
    <ClInclude Include="..\..\PyBool.h">
      <Filter>Source Files</Filter>
    </ClInclude>
    <ClInclude Include="..\..\PyBuiltInConcat.h">
      <Filter>Source Files</Filter>
    </ClInclude>
    <ClInclude Include="..\..\PyBuiltInFPrint.h">
      <Filter>Source Files</Filter>
    </ClInclude>
    <ClInclude Include="..\..\PyBuiltInInput.h">
      <Filter>Source Files</Filter>
    </ClInclude>
    <ClInclude Include="..\..\PyBuiltInIter.h">
      <Filter>Source Files</Filter>
    </ClInclude>
    <ClInclude Include="..\..\PyBuiltInLen.h">
      <Filter>Source Files</Filter>
    </ClInclude>
    <ClInclude Include="..\..\PyBuiltInPrint.h">
      <Filter>Source Files</Filter>
    </ClInclude>
    <ClInclude Include="..\..\PyBuiltInTPrint.h">
      <Filter>Source Files</Filter>
    </ClInclude>
    <ClInclude Include="..\..\PyByteCode.h">
      <Filter>Source Files</Filter>
    </ClInclude>
    <ClInclude Include="..\..\PyCallable.h">
      <Filter>Source Files</Filter>
    </ClInclude>
    <ClInclude Include="..\..\PyCell.h">
      <Filter>Source Files</Filter>
    </ClInclude>
    <ClInclude Include="..\..\PyCode.h">
      <Filter>Source Files</Filter>
    </ClInclude>
    <ClInclude Include="..\..\PyException.h">
      <Filter>Source Files</Filter>
    </ClInclude>
    <ClInclude Include="..\..\PyExceptionType.h">
      <Filter>Source Files</Filter>
    </ClInclude>
    <ClInclude Include="..\..\PyFloat.h">
      <Filter>Source Files</Filter>
    </ClInclude>
    <ClInclude Include="..\..\PyFrame.h">
      <Filter>Source Files</Filter>
    </ClInclude>
    <ClInclude Include="..\..\PyFunction.h">
      <Filter>Source Files</Filter>
    </ClInclude>
    <ClInclude Include="..\..\PyFunList.h">
      <Filter>Source Files</Filter>
    </ClInclude>
    <ClInclude Include="..\..\PyFunListIterator.h">
      <Filter>Source Files</Filter>
    </ClInclude>
    <ClInclude Include="..\..\PyInt.h">
      <Filter>Source Files</Filter>
    </ClInclude>
    <ClInclude Include="..\..\PyList.h">
      <Filter>Source Files</Filter>
    </ClInclude>
    <ClInclude Include="..\..\PyListIterator.h">
      <Filter>Source Files</Filter>
    </ClInclude>
    <ClInclude Include="..\..\PyNone.h">
      <Filter>Source Files</Filter>
    </ClInclude>
    <ClInclude Include="..\..\PyObject.h">
      <Filter>Source Files</Filter>
    </ClInclude>
    <ClInclude Include="..\..\PyParser.h">
      <Filter>Source Files</Filter>
    </ClInclude>
    <ClInclude Include="..\..\PyRange.h">
      <Filter>Source Files</Filter>
    </ClInclude>
    <ClInclude Include="..\..\PyRangeIterator.h">
      <Filter>Source Files</Filter>
    </ClInclude>
    <ClInclude Include="..\..\PyRangeType.h">
      <Filter>Source Files</Filter>
    </ClInclude>
    <ClInclude Include="..\..\PyScanner.h">
      <Filter>Source Files</Filter>
    </ClInclude>
    <ClInclude Include="..\..\PyStack.h">
      <Filter>Source Files</Filter>
    </ClInclude>
    <ClInclude Include="..\..\PyStr.h">
      <Filter>Source Files</Filter>
    </ClInclude>
    <ClInclude Include="..\..\PyStrIterator.h">
      <Filter>Source Files</Filter>
    </ClInclude>
    <ClInclude Include="..\..\PyToken.h">
      <Filter>Source Files</Filter>
    </ClInclude>
    <ClInclude Include="..\..\PyTuple.h">
      <Filter>Source Files</Filter>
    </ClInclude>
    <ClInclude Include="..\..\PyTupleIterator.h">
      <Filter>Source Files</Filter>
    </ClInclude>
    <ClInclude Include="..\..\PyType.h">
      <Filter>Source Files</Filter>
    </ClInclude>
    <ClInclude Include="..\..\PyUtil.h">
      <Filter>Source Files</Filter>
    </ClInclude>
  </ItemGroup>
  <ItemGroup>
    <ClCompile Include="..\..\main.cpp">
      <Filter>Source Files</Filter>
    </ClCompile>
    <ClCompile Include="..\..\PyAttr.cpp">
      <Filter>Source Files</Filter>
    </ClCompile>
    <ClCompile Include="..\..\PyBool.cpp">
      <Filter>Source Files</Filter>
    </ClCompile>
    <ClCompile Include="..\..\PyBuiltInConcat.cpp">
      <Filter>Source Files</Filter>
    </ClCompile>
    <ClCompile Include="..\..\PyBuiltInFPrint.cpp">
      <Filter>Source Files</Filter>
    </ClCompile>
    <ClCompile Include="..\..\PyBuiltInInput.cpp">
      <Filter>Source Files</Filter>
    </ClCompile>
    <ClCompile Include="..\..\PyBuiltInIter.cpp">
      <Filter>Source Files</Filter>
    </ClCompile>
    <ClCompile Include="..\..\PyBuiltInLen.cpp">
      <Filter>Source Files</Filter>
    </ClCompile>
    <ClCompile Include="..\..\PyBuiltInPrint.cpp">
      <Filter>Source Files</Filter>
    </ClCompile>
    <ClCompile Include="..\..\PyBuiltInTPrint.cpp">
      <Filter>Source Files</Filter>
    </ClCompile>
    <ClCompile Include="..\..\PyByteCode.cpp">
      <Filter>Source Files</Filter>
    </ClCompile>
    <ClCompile Include="..\..\PyCallable.cpp">
      <Filter>Source Files</Filter>
    </ClCompile>
    <ClCompile Include="..\..\PyCell.cpp">
      <Filter>Source Files</Filter>
    </ClCompile>
    <ClCompile Include="..\..\PyCode.cpp">
      <Filter>Source Files</Filter>
    </ClCompile>
    <ClCompile Include="..\..\PyException.cpp">
      <Filter>Source Files</Filter>
    </ClCompile>
    <ClCompile Include="..\..\PyExceptionType.cpp">
      <Filter>Source Files</Filter>
    </ClCompile>
    <ClCompile Include="..\..\PyFloat.cpp">
      <Filter>Source Files</Filter>
    </ClCompile>
    <ClCompile Include="..\..\PyFrame.cpp">
      <Filter>Source Files</Filter>
    </ClCompile>
    <ClCompile Include="..\..\PyFunction.cpp">
      <Filter>Source Files</Filter>
    </ClCompile>
    <ClCompile Include="..\..\PyFunList.cpp">
      <Filter>Source Files</Filter>
    </ClCompile>
    <ClCompile Include="..\..\PyFunListIterator.cpp">
      <Filter>Source Files</Filter>
    </ClCompile>
    <ClCompile Include="..\..\PyInt.cpp">
      <Filter>Source Files</Filter>
    </ClCompile>
    <ClCompile Include="..\..\PyList.cpp">
      <Filter>Source Files</Filter>
    </ClCompile>
    <ClCompile Include="..\..\PyListIterator.cpp">
      <Filter>Source Files</Filter>
    </ClCompile>
    <ClCompile Include="..\..\PyNone.cpp">
      <Filter>Source Files</Filter>
    </ClCompile>
    <ClCompile Include="..\..\PyObject.cpp">
      <Filter>Source Files</Filter>
    </ClCompile>
    <ClCompile Include="..\..\PyParser.cpp">
      <Filter>Source Files</Filter>
    </ClCompile>
    <ClCompile Include="..\..\PyRange.cpp">
      <Filter>Source Files</Filter>
    </ClCompile>
    <ClCompile Include="..\..\PyRangeIterator.cpp">
      <Filter>Source Files</Filter>
    </ClCompile>
    <ClCompile Include="..\..\PyRangeType.cpp">
      <Filter>Source Files</Filter>
    </ClCompile>
    <ClCompile Include="..\..\PyScanner.cpp">
      <Filter>Source Files</Filter>
    </ClCompile>
    <ClCompile Include="..\..\PyStr.cpp">
      <Filter>Source Files</Filter>
    </ClCompile>
    <ClCompile Include="..\..\PyStrIterator.cpp">
      <Filter>Source Files</Filter>
    </ClCompile>
    <ClCompile Include="..\..\PyToken.cpp">
      <Filter>Source Files</Filter>
    </ClCompile>
    <ClCompile Include="..\..\PyTuple.cpp">
      <Filter>Source Files</Filter>
    </ClCompile>
    <ClCompile Include="..\..\PyTupleIterator.cpp">
      <Filter>Source Files</Filter>
    </ClCompile>
    <ClCompile Include="..\..\PyType.cpp">
      <Filter>Source Files</Filter>
    </ClCompile>
    <ClCompile Include="..\..\PyUtil.cpp">
      <Filter>Source Files</Filter>
    </ClCompile>
  </ItemGroup>
</Project>